{"1.2.0",
[{<<"euneus">>,{pkg,<<"euneus">>,<<"2.4.0">>},0},
 {<<"json_polyfill">>,{pkg,<<"json_polyfill">>,<<"0.1.4">>},0}]}.
[
{pkg_hash,[
 {<<"euneus">>, <<"E58178FB3B2C6FE139C863C4B347574E4C599BF1B9530ED3BAE7A10E2C7F870A">>},
 {<<"json_polyfill">>, <<"ED9AD7A8CBDB8D1F1E59E22CDAE23A153A5BB93B5529AEBAEB189CA4B4C536C8">>}]},
{pkg_hash_ext,[
 {<<"euneus">>, <<"200EEFCE320314831AD79D77F03B109BC035E0A282B6B71FBCD3A7982804184D">>},
 {<<"json_polyfill">>, <<"48C397EE2547FA459EDE01A30EC0E85717ABED3010867A63EEAAC5F203274303">>}]}
].
