{"1.2.0",
[{<<"euneus">>,{pkg,<<"euneus">>,<<"2.3.0">>},0},
 {<<"json_polyfill">>,{pkg,<<"json_polyfill">>,<<"0.1.3">>},0}]}.
[
{pkg_hash,[
 {<<"euneus">>, <<"4F9B77EFD1A5C7DD9C3CA0AB0C51172035BC39BFF28B37AA9789C173D1DD397A">>},
 {<<"json_polyfill">>, <<"ABC24AC5F3D9A09F9B0CF2889087B2023D860FA63B136B762F21E60DDDEB1381">>}]},
{pkg_hash_ext,[
 {<<"euneus">>, <<"335E8A4D6A7F822E4FEA72CA1D3DD56A456F4E13427AF2C0B77B872584CF8048">>},
 {<<"json_polyfill">>, <<"7F9A02034CDE6368C160617F80EFDB23540068C5D0DBBB2CA3D5F42493ABF3CC">>}]}
].
